
Microsoft Visual Studio Solution File, Format Version 12.00
# Visual Studio Version 17
VisualStudioVersion = 17.14.36310.24
MinimumVisualStudioVersion = 10.0.40219.1
Project("{FAE04EC0-301F-11D3-BF4B-00C04F79EFBC}") = "AM.UI.Console", "AM.UI.Console\AM.UI.Console.csproj", "{A935DF2B-A1BD-47AA-BFEA-B4323C75DC40}"
EndProject
Project("{FAE04EC0-301F-11D3-BF4B-00C04F79EFBC}") = "AM.ApplicationCore", "AM.ApplicationCore\AM.ApplicationCore.csproj", "{C42ADABB-936E-422B-9379-3CBBBDEA686C}"
EndProject
Global
	GlobalSection(SolutionConfigurationPlatforms) = preSolution
		Debug|Any CPU = Debug|Any CPU
		Release|Any CPU = Release|Any CPU
	EndGlobalSection
	GlobalSection(ProjectConfigurationPlatforms) = postSolution
		{A935DF2B-A1BD-47AA-BFEA-B4323C75DC40}.Debug|Any CPU.ActiveCfg = Debug|Any CPU
		{A935DF2B-A1BD-47AA-BFEA-B4323C75DC40}.Debug|Any CPU.Build.0 = Debug|Any CPU
		{A935DF2B-A1BD-47AA-BFEA-B4323C75DC40}.Release|Any CPU.ActiveCfg = Release|Any CPU
		{A935DF2B-A1BD-47AA-BFEA-B4323C75DC40}.Release|Any CPU.Build.0 = Release|Any CPU
		{C42ADABB-936E-422B-9379-3CBBBDEA686C}.Debug|Any CPU.ActiveCfg = Debug|Any CPU
		{C42ADABB-936E-422B-9379-3CBBBDEA686C}.Debug|Any CPU.Build.0 = Debug|Any CPU
		{C42ADABB-936E-422B-9379-3CBBBDEA686C}.Release|Any CPU.ActiveCfg = Release|Any CPU
		{C42ADABB-936E-422B-9379-3CBBBDEA686C}.Release|Any CPU.Build.0 = Release|Any CPU
	EndGlobalSection
	GlobalSection(SolutionProperties) = preSolution
		HideSolutionNode = FALSE
	EndGlobalSection
	GlobalSection(ExtensibilityGlobals) = postSolution
		SolutionGuid = {2B7947DB-6558-4369-92A5-136FAE05EA6D}
	EndGlobalSection
EndGlobal
